
Microsoft Visual Studio Solution File, Format Version 12.00
# Visual Studio Version 16
VisualStudioVersion = 16.0.29215.179
MinimumVisualStudioVersion = 10.0.40219.1
Project("{FAE04EC0-301F-11D3-BF4B-00C04F79EFBC}") = "TradeCalculator", "TradeCalculator.csproj", "{C669788C-4188-4B92-93FD-6958D3C9BF44}"
EndProject
Global
	GlobalSection(SolutionConfigurationPlatforms) = preSolution
		Debug|Any CPU = Debug|Any CPU
		Release|Any CPU = Release|Any CPU
	EndGlobalSection
	GlobalSection(ProjectConfigurationPlatforms) = postSolution
		{C669788C-4188-4B92-93FD-6958D3C9BF44}.Debug|Any CPU.ActiveCfg = Debug|Any CPU
		{C669788C-4188-4B92-93FD-6958D3C9BF44}.Debug|Any CPU.Build.0 = Debug|Any CPU
		{C669788C-4188-4B92-93FD-6958D3C9BF44}.Release|Any CPU.ActiveCfg = Release|Any CPU
	EndGlobalSection
	GlobalSection(SolutionProperties) = preSolution
		HideSolutionNode = FALSE
	EndGlobalSection
	GlobalSection(ExtensibilityGlobals) = postSolution
		SolutionGuid = {06D46A2C-BA71-4976-8242-DC7703EEB0BF}
	EndGlobalSection
EndGlobal
